<?xml version="1.0" encoding="utf-8"?>
<Project ToolsVersion="4.0" xmlns="http://schemas.microsoft.com/developer/msbuild/2003">
  <ItemGroup>
    <Filter Include="Source Files">
      <UniqueIdentifier>{4FC737F1-C7A5-4376-A066-2A32D752A2FF}</UniqueIdentifier>
      <Extensions>cpp;c;cc;cxx;c++;cppm;ixx;def;odl;idl;hpj;bat;asm;asmx</Extensions>
    </Filter>
    <Filter Include="Header Files">
      <UniqueIdentifier>{93995380-89BD-4b04-88EB-625FBE52EBFB}</UniqueIdentifier>
      <Extensions>h;hh;hpp;hxx;h++;hm;inl;inc;ipp;xsd</Extensions>
    </Filter>
    <Filter Include="Resource Files">
      <UniqueIdentifier>{67DA6AB6-F800-4c08-8B7A-83BB121AAD01}</UniqueIdentifier>
      <Extensions>rc;ico;cur;bmp;dlg;rc2;rct;bin;rgs;gif;jpg;jpeg;jpe;resx;tiff;tif;png;wav;mfcribbon-ms</Extensions>
    </Filter>
    <Filter Include="transporte">
      <UniqueIdentifier>{85608a14-34d6-4abc-aafd-e043ede183c5}</UniqueIdentifier>
    </Filter>
    <Filter Include="conductor">
      <UniqueIdentifier>{9ce82312-b652-4344-9ee8-d57d26584400}</UniqueIdentifier>
    </Filter>
    <Filter Include="paquete">
      <UniqueIdentifier>{39d0fcd0-3ac3-43da-bce5-0c3e0605abaa}</UniqueIdentifier>
    </Filter>
    <Filter Include="cliente">
      <UniqueIdentifier>{b959a94e-d23c-4b44-9932-e8e1d71c39f0}</UniqueIdentifier>
    </Filter>
    <Filter Include="envio">
      <UniqueIdentifier>{39bc40d8-9f8a-40f8-a8b3-efa01cb05908}</UniqueIdentifier>
    </Filter>
  </ItemGroup>
  <ItemGroup>
    <ClInclude Include="persona.h">
      <Filter>Header Files</Filter>
    </ClInclude>
    <ClInclude Include="fecha.h">
      <Filter>Header Files</Filter>
    </ClInclude>
    <ClInclude Include="menuPrincipal.h">
      <Filter>Header Files</Filter>
    </ClInclude>
    <ClInclude Include="rlutil.h">
      <Filter>Header Files</Filter>
    </ClInclude>
    <ClInclude Include="datosTransporte.h">
      <Filter>transporte</Filter>
    </ClInclude>
    <ClInclude Include="negocioTransporte.h">
      <Filter>transporte</Filter>
    </ClInclude>
    <ClInclude Include="transporte.h">
      <Filter>transporte</Filter>
    </ClInclude>
    <ClInclude Include="vistaTransporte.h">
      <Filter>transporte</Filter>
    </ClInclude>
    <ClInclude Include="datoConductor.h">
      <Filter>conductor</Filter>
    </ClInclude>
    <ClInclude Include="conductor.h">
      <Filter>conductor</Filter>
    </ClInclude>
    <ClInclude Include="negocioConductor.h">
      <Filter>conductor</Filter>
    </ClInclude>
    <ClInclude Include="datosPaquete.h">
      <Filter>paquete</Filter>
    </ClInclude>
    <ClInclude Include="paquete.h">
      <Filter>paquete</Filter>
    </ClInclude>
    <ClInclude Include="vistaConductor.h">
      <Filter>conductor</Filter>
    </ClInclude>
    <ClInclude Include="cliente.h">
      <Filter>cliente</Filter>
    </ClInclude>
    <ClInclude Include="vistaCliente.h">
      <Filter>cliente</Filter>
    </ClInclude>
    <ClInclude Include="negocioPaquete.h">
      <Filter>paquete</Filter>
    </ClInclude>
    <ClInclude Include="vistaPaquete.h">
      <Filter>paquete</Filter>
    </ClInclude>
    <ClInclude Include="envio.h">
      <Filter>envio</Filter>
    </ClInclude>
    <ClInclude Include="datosEnvio.h">
      <Filter>envio</Filter>
    </ClInclude>
    <ClInclude Include="negocioEnvio.h">
      <Filter>envio</Filter>
    </ClInclude>
    <ClInclude Include="vistaEnvio.h">
      <Filter>envio</Filter>
    </ClInclude>
    <ClInclude Include="verificador.h">
      <Filter>Header Files</Filter>
    </ClInclude>
    <ClInclude Include="vistaVerificador.h">
      <Filter>Header Files</Filter>
    </ClInclude>
    <ClInclude Include="visuals.h">
      <Filter>Header Files</Filter>
    </ClInclude>
  </ItemGroup>
  <ItemGroup>
    <ClCompile Include="persona.cpp">
      <Filter>Source Files</Filter>
    </ClCompile>
    <ClCompile Include="fecha.cpp">
      <Filter>Source Files</Filter>
    </ClCompile>
    <ClCompile Include="Source.cpp">
      <Filter>Source Files</Filter>
    </ClCompile>
    <ClCompile Include="menuPrincipal.cpp">
      <Filter>Source Files</Filter>
    </ClCompile>
    <ClCompile Include="negocioTransporte.cpp">
      <Filter>transporte</Filter>
    </ClCompile>
    <ClCompile Include="transporte.cpp">
      <Filter>transporte</Filter>
    </ClCompile>
    <ClCompile Include="vistaTransporte.cpp">
      <Filter>transporte</Filter>
    </ClCompile>
    <ClCompile Include="datosTransporte.cpp">
      <Filter>transporte</Filter>
    </ClCompile>
    <ClCompile Include="conductor.cpp">
      <Filter>conductor</Filter>
    </ClCompile>
    <ClCompile Include="datoConductor.cpp">
      <Filter>conductor</Filter>
    </ClCompile>
    <ClCompile Include="negocioConductor.cpp">
      <Filter>conductor</Filter>
    </ClCompile>
    <ClCompile Include="paquete.cpp">
      <Filter>paquete</Filter>
    </ClCompile>
    <ClCompile Include="datosPaquete.cpp">
      <Filter>paquete</Filter>
    </ClCompile>
    <ClCompile Include="vistaConductor.cpp">
      <Filter>conductor</Filter>
    </ClCompile>
    <ClCompile Include="cliente.cpp">
      <Filter>cliente</Filter>
    </ClCompile>
    <ClCompile Include="vistaCliente.cpp">
      <Filter>cliente</Filter>
    </ClCompile>
    <ClCompile Include="negocioPaquete.cpp">
      <Filter>paquete</Filter>
    </ClCompile>
    <ClCompile Include="vistaPaquete.cpp">
      <Filter>paquete</Filter>
    </ClCompile>
    <ClCompile Include="datosEnvio.cpp">
      <Filter>envio</Filter>
    </ClCompile>
    <ClCompile Include="envio.cpp">
      <Filter>envio</Filter>
    </ClCompile>
    <ClCompile Include="negocioEnvio.cpp">
      <Filter>envio</Filter>
    </ClCompile>
    <ClCompile Include="vistaEnvio.cpp">
      <Filter>envio</Filter>
    </ClCompile>
    <ClCompile Include="verificador.cpp">
      <Filter>Source Files</Filter>
    </ClCompile>
    <ClCompile Include="vistaVerificador.cpp">
      <Filter>Source Files</Filter>
    </ClCompile>
    <ClCompile Include="visuals.cpp">
      <Filter>Source Files</Filter>
    </ClCompile>
  </ItemGroup>
  <ItemGroup>
    <None Include="ClassDiagram.cd" />
    <None Include="ClassDiagram1.cd" />
  </ItemGroup>
</Project>